
Microsoft Visual Studio Solution File, Format Version 12.00
# Visual Studio Version 17
VisualStudioVersion = 17.6.33723.286
MinimumVisualStudioVersion = 10.0.40219.1
Project("{FAE04EC0-301F-11D3-BF4B-00C04F79EFBC}") = "BusinessApi", "BusinessApi\BusinessApi.csproj", "{B1D63FDC-1B8D-4C4A-9113-2CFA1E539E63}"
EndProject
Global
	GlobalSection(SolutionConfigurationPlatforms) = preSolution
		Debug|Any CPU = Debug|Any CPU
		Release|Any CPU = Release|Any CPU
	EndGlobalSection
	GlobalSection(ProjectConfigurationPlatforms) = postSolution
		{B1D63FDC-1B8D-4C4A-9113-2CFA1E539E63}.Debug|Any CPU.ActiveCfg = Debug|Any CPU
		{B1D63FDC-1B8D-4C4A-9113-2CFA1E539E63}.Debug|Any CPU.Build.0 = Debug|Any CPU
		{B1D63FDC-1B8D-4C4A-9113-2CFA1E539E63}.Release|Any CPU.ActiveCfg = Release|Any CPU
		{B1D63FDC-1B8D-4C4A-9113-2CFA1E539E63}.Release|Any CPU.Build.0 = Release|Any CPU
	EndGlobalSection
	GlobalSection(SolutionProperties) = preSolution
		HideSolutionNode = FALSE
	EndGlobalSection
	GlobalSection(ExtensibilityGlobals) = postSolution
		SolutionGuid = {73C343CC-87B2-4C2B-A89F-7A13EED8EEC9}
	EndGlobalSection
EndGlobal
